
Microsoft Visual Studio Solution File, Format Version 12.00
# Visual Studio Version 16
VisualStudioVersion = 16.0.31424.327
MinimumVisualStudioVersion = 10.0.40219.1
Project("{FAE04EC0-301F-11D3-BF4B-00C04F79EFBC}") = "ApiCatalogoJogos", "ApiCatalogoJogos\ApiCatalogoJogos.csproj", "{FD3C1267-B932-4FD0-894B-0E2FD7976848}"
EndProject
Global
	GlobalSection(SolutionConfigurationPlatforms) = preSolution
		Debug|Any CPU = Debug|Any CPU
		Release|Any CPU = Release|Any CPU
	EndGlobalSection
	GlobalSection(ProjectConfigurationPlatforms) = postSolution
		{FD3C1267-B932-4FD0-894B-0E2FD7976848}.Debug|Any CPU.ActiveCfg = Debug|Any CPU
		{FD3C1267-B932-4FD0-894B-0E2FD7976848}.Debug|Any CPU.Build.0 = Debug|Any CPU
		{FD3C1267-B932-4FD0-894B-0E2FD7976848}.Release|Any CPU.ActiveCfg = Release|Any CPU
		{FD3C1267-B932-4FD0-894B-0E2FD7976848}.Release|Any CPU.Build.0 = Release|Any CPU
	EndGlobalSection
	GlobalSection(SolutionProperties) = preSolution
		HideSolutionNode = FALSE
	EndGlobalSection
	GlobalSection(ExtensibilityGlobals) = postSolution
		SolutionGuid = {8FED4432-B72A-4DCE-9D82-B61BA7874C47}
	EndGlobalSection
EndGlobal
